{
  "markbot": "0c47d489fe3ccf56a37334309860d72f48d004b9a501186552b18cdf76537c2e",
  "index.html": "154da01674fbf13e00a86ee18c324972d2b6ee80dd8070507c5b1f573b1c5283",
  "index-320.png": "19a454308cebeef22e80392740644d7d08c4253f79a98ce2f34f2b7d97620a1b",
  "index-400.png": "1df88528ff6c3b8a2ab0c57ff2c3b293a058668dc20b702619de551b76095ba3",
  "index-650.png": "5d0f1cc6af2de456e3980e3d91ec1181350474e83f1472c2056d9a8f74855a2f",
  "index-980.png": "18586f3bb40e8543d7b93efb5fdd932608b58defb7e0af6e0dc13d986af3f000",
  "index-1400.png": "af8433b10ab027894a1b80b22d9f8b480ff12988e16cb8bc63c87cc76460655c"
}